
Microsoft Visual Studio Solution File, Format Version 12.00
# Visual Studio Version 17
VisualStudioVersion = 17.11.35327.3
MinimumVisualStudioVersion = 10.0.40219.1
Project("{2150E333-8FDC-42A3-9474-1A3956D46DE8}") = "Services", "Services", "{3D6206DB-E513-4173-98F4-E42A4DFA6472}"
EndProject
Project("{2150E333-8FDC-42A3-9474-1A3956D46DE8}") = "Catalog", "Catalog", "{5BB98617-7865-40A8-B9FA-316B2B4AA4C3}"
EndProject
Project("{9A19103F-16F7-4668-BE54-9A1E7A4F7556}") = "Catalog.API", "Services\Catalog\Catalog.API\Catalog.API.csproj", "{9110FCCA-F8FB-4F9B-A9B9-0C580DBF283B}"
EndProject
Project("{2150E333-8FDC-42A3-9474-1A3956D46DE8}") = "BuildingBlocks", "BuildingBlocks", "{2E33BDC1-6955-4F01-9025-8A613C7E55A2}"
EndProject
Project("{9A19103F-16F7-4668-BE54-9A1E7A4F7556}") = "BuildingBlocks", "BuildingBlocks\BuildingBlocks\BuildingBlocks.csproj", "{2AA2462F-96F3-44AA-8763-6BACF0F1FC7C}"
EndProject
Project("{E53339B2-1760-4266-BCC7-CA923CBCF16C}") = "docker-compose", "docker-compose.dcproj", "{74AF21FA-6E16-4AC4-9659-CEA6B6006E63}"
EndProject
Project("{2150E333-8FDC-42A3-9474-1A3956D46DE8}") = "Basket", "Basket", "{3373BF63-09C0-46C6-8298-510DCE07550A}"
EndProject
Project("{9A19103F-16F7-4668-BE54-9A1E7A4F7556}") = "Basket.API", "Services\Basket\Basket.API\Basket.API.csproj", "{0182E428-7C9C-476C-AEC0-10537B71D552}"
EndProject
Project("{2150E333-8FDC-42A3-9474-1A3956D46DE8}") = "Discount", "Discount", "{9CB17419-6A54-4BD2-A82F-9BECEA2B147A}"
EndProject
Project("{9A19103F-16F7-4668-BE54-9A1E7A4F7556}") = "Discount.Grpc", "Services\Discount\Discount.Grpc\Discount.Grpc.csproj", "{B42473FD-07AE-464D-A009-E216A376E46B}"
EndProject
Project("{2150E333-8FDC-42A3-9474-1A3956D46DE8}") = "Ordering", "Ordering", "{37BC7D8B-599C-42C3-9015-B3B4681CCDFB}"
EndProject
Project("{9A19103F-16F7-4668-BE54-9A1E7A4F7556}") = "Ordering.API", "Services\Ordering\Ordering.API\Ordering.API.csproj", "{34291C2D-DB37-4E81-965F-548FB0B5B1A3}"
EndProject
Project("{9A19103F-16F7-4668-BE54-9A1E7A4F7556}") = "Ordering.Domain", "Services\Ordering\Ordering.Domain\Ordering.Domain.csproj", "{AFFBFE44-A84D-40EF-8418-3D085EE0A347}"
EndProject
Project("{9A19103F-16F7-4668-BE54-9A1E7A4F7556}") = "Ordering.Application", "Services\Ordering\Ordering.Application\Ordering.Application.csproj", "{1AA42A6E-C551-4175-95C1-3E2B6B212D75}"
EndProject
Project("{9A19103F-16F7-4668-BE54-9A1E7A4F7556}") = "Ordering.Infrastructure", "Services\Ordering\Ordering.Infrastructure\Ordering.Infrastructure.csproj", "{0B510553-1E4E-4AD8-8264-D6AD40392261}"
EndProject
Project("{FAE04EC0-301F-11D3-BF4B-00C04F79EFBC}") = "BuildingBlocks.Messaging", "BuildingBlocks\BuildingBlocks.Messaging\BuildingBlocks.Messaging.csproj", "{4F00D69E-33FF-43AC-9D88-D25EFB975C76}"
EndProject
Global
	GlobalSection(SolutionConfigurationPlatforms) = preSolution
		Debug|Any CPU = Debug|Any CPU
		Release|Any CPU = Release|Any CPU
	EndGlobalSection
	GlobalSection(ProjectConfigurationPlatforms) = postSolution
		{9110FCCA-F8FB-4F9B-A9B9-0C580DBF283B}.Debug|Any CPU.ActiveCfg = Debug|Any CPU
		{9110FCCA-F8FB-4F9B-A9B9-0C580DBF283B}.Debug|Any CPU.Build.0 = Debug|Any CPU
		{9110FCCA-F8FB-4F9B-A9B9-0C580DBF283B}.Release|Any CPU.ActiveCfg = Release|Any CPU
		{9110FCCA-F8FB-4F9B-A9B9-0C580DBF283B}.Release|Any CPU.Build.0 = Release|Any CPU
		{2AA2462F-96F3-44AA-8763-6BACF0F1FC7C}.Debug|Any CPU.ActiveCfg = Debug|Any CPU
		{2AA2462F-96F3-44AA-8763-6BACF0F1FC7C}.Debug|Any CPU.Build.0 = Debug|Any CPU
		{2AA2462F-96F3-44AA-8763-6BACF0F1FC7C}.Release|Any CPU.ActiveCfg = Release|Any CPU
		{2AA2462F-96F3-44AA-8763-6BACF0F1FC7C}.Release|Any CPU.Build.0 = Release|Any CPU
		{74AF21FA-6E16-4AC4-9659-CEA6B6006E63}.Debug|Any CPU.ActiveCfg = Debug|Any CPU
		{74AF21FA-6E16-4AC4-9659-CEA6B6006E63}.Debug|Any CPU.Build.0 = Debug|Any CPU
		{74AF21FA-6E16-4AC4-9659-CEA6B6006E63}.Release|Any CPU.ActiveCfg = Release|Any CPU
		{74AF21FA-6E16-4AC4-9659-CEA6B6006E63}.Release|Any CPU.Build.0 = Release|Any CPU
		{0182E428-7C9C-476C-AEC0-10537B71D552}.Debug|Any CPU.ActiveCfg = Debug|Any CPU
		{0182E428-7C9C-476C-AEC0-10537B71D552}.Debug|Any CPU.Build.0 = Debug|Any CPU
		{0182E428-7C9C-476C-AEC0-10537B71D552}.Release|Any CPU.ActiveCfg = Release|Any CPU
		{0182E428-7C9C-476C-AEC0-10537B71D552}.Release|Any CPU.Build.0 = Release|Any CPU
		{B42473FD-07AE-464D-A009-E216A376E46B}.Debug|Any CPU.ActiveCfg = Debug|Any CPU
		{B42473FD-07AE-464D-A009-E216A376E46B}.Debug|Any CPU.Build.0 = Debug|Any CPU
		{B42473FD-07AE-464D-A009-E216A376E46B}.Release|Any CPU.ActiveCfg = Release|Any CPU
		{B42473FD-07AE-464D-A009-E216A376E46B}.Release|Any CPU.Build.0 = Release|Any CPU
		{34291C2D-DB37-4E81-965F-548FB0B5B1A3}.Debug|Any CPU.ActiveCfg = Debug|Any CPU
		{34291C2D-DB37-4E81-965F-548FB0B5B1A3}.Debug|Any CPU.Build.0 = Debug|Any CPU
		{34291C2D-DB37-4E81-965F-548FB0B5B1A3}.Release|Any CPU.ActiveCfg = Release|Any CPU
		{34291C2D-DB37-4E81-965F-548FB0B5B1A3}.Release|Any CPU.Build.0 = Release|Any CPU
		{AFFBFE44-A84D-40EF-8418-3D085EE0A347}.Debug|Any CPU.ActiveCfg = Debug|Any CPU
		{AFFBFE44-A84D-40EF-8418-3D085EE0A347}.Debug|Any CPU.Build.0 = Debug|Any CPU
		{AFFBFE44-A84D-40EF-8418-3D085EE0A347}.Release|Any CPU.ActiveCfg = Release|Any CPU
		{AFFBFE44-A84D-40EF-8418-3D085EE0A347}.Release|Any CPU.Build.0 = Release|Any CPU
		{1AA42A6E-C551-4175-95C1-3E2B6B212D75}.Debug|Any CPU.ActiveCfg = Debug|Any CPU
		{1AA42A6E-C551-4175-95C1-3E2B6B212D75}.Debug|Any CPU.Build.0 = Debug|Any CPU
		{1AA42A6E-C551-4175-95C1-3E2B6B212D75}.Release|Any CPU.ActiveCfg = Release|Any CPU
		{1AA42A6E-C551-4175-95C1-3E2B6B212D75}.Release|Any CPU.Build.0 = Release|Any CPU
		{0B510553-1E4E-4AD8-8264-D6AD40392261}.Debug|Any CPU.ActiveCfg = Debug|Any CPU
		{0B510553-1E4E-4AD8-8264-D6AD40392261}.Debug|Any CPU.Build.0 = Debug|Any CPU
		{0B510553-1E4E-4AD8-8264-D6AD40392261}.Release|Any CPU.ActiveCfg = Release|Any CPU
		{0B510553-1E4E-4AD8-8264-D6AD40392261}.Release|Any CPU.Build.0 = Release|Any CPU
		{4F00D69E-33FF-43AC-9D88-D25EFB975C76}.Debug|Any CPU.ActiveCfg = Debug|Any CPU
		{4F00D69E-33FF-43AC-9D88-D25EFB975C76}.Debug|Any CPU.Build.0 = Debug|Any CPU
		{4F00D69E-33FF-43AC-9D88-D25EFB975C76}.Release|Any CPU.ActiveCfg = Release|Any CPU
		{4F00D69E-33FF-43AC-9D88-D25EFB975C76}.Release|Any CPU.Build.0 = Release|Any CPU
	EndGlobalSection
	GlobalSection(SolutionProperties) = preSolution
		HideSolutionNode = FALSE
	EndGlobalSection
	GlobalSection(NestedProjects) = preSolution
		{5BB98617-7865-40A8-B9FA-316B2B4AA4C3} = {3D6206DB-E513-4173-98F4-E42A4DFA6472}
		{9110FCCA-F8FB-4F9B-A9B9-0C580DBF283B} = {5BB98617-7865-40A8-B9FA-316B2B4AA4C3}
		{2AA2462F-96F3-44AA-8763-6BACF0F1FC7C} = {2E33BDC1-6955-4F01-9025-8A613C7E55A2}
		{3373BF63-09C0-46C6-8298-510DCE07550A} = {3D6206DB-E513-4173-98F4-E42A4DFA6472}
		{0182E428-7C9C-476C-AEC0-10537B71D552} = {3373BF63-09C0-46C6-8298-510DCE07550A}
		{9CB17419-6A54-4BD2-A82F-9BECEA2B147A} = {3D6206DB-E513-4173-98F4-E42A4DFA6472}
		{B42473FD-07AE-464D-A009-E216A376E46B} = {9CB17419-6A54-4BD2-A82F-9BECEA2B147A}
		{37BC7D8B-599C-42C3-9015-B3B4681CCDFB} = {3D6206DB-E513-4173-98F4-E42A4DFA6472}
		{34291C2D-DB37-4E81-965F-548FB0B5B1A3} = {37BC7D8B-599C-42C3-9015-B3B4681CCDFB}
		{AFFBFE44-A84D-40EF-8418-3D085EE0A347} = {37BC7D8B-599C-42C3-9015-B3B4681CCDFB}
		{1AA42A6E-C551-4175-95C1-3E2B6B212D75} = {37BC7D8B-599C-42C3-9015-B3B4681CCDFB}
		{0B510553-1E4E-4AD8-8264-D6AD40392261} = {37BC7D8B-599C-42C3-9015-B3B4681CCDFB}
		{4F00D69E-33FF-43AC-9D88-D25EFB975C76} = {2E33BDC1-6955-4F01-9025-8A613C7E55A2}
	EndGlobalSection
	GlobalSection(ExtensibilityGlobals) = postSolution
		SolutionGuid = {A008555D-3873-4652-8390-0C61C4F476E3}
	EndGlobalSection
EndGlobal
